// !$*UTF8*$!
{
	archiveVersion = 1;
	classes = {
	};
	objectVersion = 47;
	objects = {

/* Begin PBXBuildFile section */
		5CA005901D91F1BC00FEAE05 /* Authorizer.m in Sources */ = {isa = PBXBuildFile; fileRef = 5CA0058F1D91F1BC00FEAE05 /* Authorizer.m */; };
		EA17662B1D90ADC1007EDABC /* main.m in Sources */ = {isa = PBXBuildFile; fileRef = EA17662A1D90ADC1007EDABC /* main.m */; };
		EA17662E1D90ADC1007EDABC /* AppDelegate.m in Sources */ = {isa = PBXBuildFile; fileRef = EA17662D1D90ADC1007EDABC /* AppDelegate.m */; };
		EA1766311D90ADC1007EDABC /* ViewController.m in Sources */ = {isa = PBXBuildFile; fileRef = EA1766301D90ADC1007EDABC /* ViewController.m */; };
		EA1766341D90ADC1007EDABC /* Main.storyboard in Resources */ = {isa = PBXBuildFile; fileRef = EA1766321D90ADC1007EDABC /* Main.storyboard */; };
		EA1766371D90ADC1007EDABC /* TwitterClient.xcdatamodeld in Sources */ = {isa = PBXBuildFile; fileRef = EA1766351D90ADC1007EDABC /* TwitterClient.xcdatamodeld */; };
		EA1766391D90ADC1007EDABC /* Assets.xcassets in Resources */ = {isa = PBXBuildFile; fileRef = EA1766381D90ADC1007EDABC /* Assets.xcassets */; };
		EA17663C1D90ADC1007EDABC /* LaunchScreen.storyboard in Resources */ = {isa = PBXBuildFile; fileRef = EA17663A1D90ADC1007EDABC /* LaunchScreen.storyboard */; };
		EA1766471D90ADC1007EDABC /* TwitterClientTests.m in Sources */ = {isa = PBXBuildFile; fileRef = EA1766461D90ADC1007EDABC /* TwitterClientTests.m */; };
/* End PBXBuildFile section */

/* Begin PBXContainerItemProxy section */
		EA1766431D90ADC1007EDABC /* PBXContainerItemProxy */ = {
			isa = PBXContainerItemProxy;
			containerPortal = EA17661E1D90ADC0007EDABC /* Project object */;
			proxyType = 1;
			remoteGlobalIDString = EA1766251D90ADC0007EDABC;
			remoteInfo = TwitterClient;
		};
/* End PBXContainerItemProxy section */

/* Begin PBXFileReference section */
		5CA0058E1D91F1BC00FEAE05 /* Authorizer.h */ = {isa = PBXFileReference; fileEncoding = 4; lastKnownFileType = sourcecode.c.h; name = Authorizer.h; path = Models/Authorizer.h; sourceTree = "<group>"; };
		5CA0058F1D91F1BC00FEAE05 /* Authorizer.m */ = {isa = PBXFileReference; fileEncoding = 4; lastKnownFileType = sourcecode.c.objc; name = Authorizer.m; path = Models/Authorizer.m; sourceTree = "<group>"; };
		EA1766261D90ADC0007EDABC /* TwitterClient.app */ = {isa = PBXFileReference; explicitFileType = wrapper.application; includeInIndex = 0; path = TwitterClient.app; sourceTree = BUILT_PRODUCTS_DIR; };
		EA17662A1D90ADC1007EDABC /* main.m */ = {isa = PBXFileReference; lastKnownFileType = sourcecode.c.objc; path = main.m; sourceTree = "<group>"; };
		EA17662C1D90ADC1007EDABC /* AppDelegate.h */ = {isa = PBXFileReference; lastKnownFileType = sourcecode.c.h; path = AppDelegate.h; sourceTree = "<group>"; };
		EA17662D1D90ADC1007EDABC /* AppDelegate.m */ = {isa = PBXFileReference; lastKnownFileType = sourcecode.c.objc; path = AppDelegate.m; sourceTree = "<group>"; };
		EA17662F1D90ADC1007EDABC /* ViewController.h */ = {isa = PBXFileReference; lastKnownFileType = sourcecode.c.h; path = ViewController.h; sourceTree = "<group>"; };
		EA1766301D90ADC1007EDABC /* ViewController.m */ = {isa = PBXFileReference; lastKnownFileType = sourcecode.c.objc; path = ViewController.m; sourceTree = "<group>"; };
		EA1766331D90ADC1007EDABC /* Base */ = {isa = PBXFileReference; lastKnownFileType = file.storyboard; name = Base; path = Base.lproj/Main.storyboard; sourceTree = "<group>"; };
		EA1766361D90ADC1007EDABC /* TwitterClient.xcdatamodel */ = {isa = PBXFileReference; lastKnownFileType = wrapper.xcdatamodel; path = TwitterClient.xcdatamodel; sourceTree = "<group>"; };
		EA1766381D90ADC1007EDABC /* Assets.xcassets */ = {isa = PBXFileReference; lastKnownFileType = folder.assetcatalog; path = Assets.xcassets; sourceTree = "<group>"; };
		EA17663B1D90ADC1007EDABC /* Base */ = {isa = PBXFileReference; lastKnownFileType = file.storyboard; name = Base; path = Base.lproj/LaunchScreen.storyboard; sourceTree = "<group>"; };
		EA17663D1D90ADC1007EDABC /* Info.plist */ = {isa = PBXFileReference; lastKnownFileType = text.plist.xml; path = Info.plist; sourceTree = "<group>"; };
		EA1766421D90ADC1007EDABC /* TwitterClientTests.xctest */ = {isa = PBXFileReference; explicitFileType = wrapper.cfbundle; includeInIndex = 0; path = TwitterClientTests.xctest; sourceTree = BUILT_PRODUCTS_DIR; };
		EA1766461D90ADC1007EDABC /* TwitterClientTests.m */ = {isa = PBXFileReference; lastKnownFileType = sourcecode.c.objc; path = TwitterClientTests.m; sourceTree = "<group>"; };
		EA1766481D90ADC1007EDABC /* Info.plist */ = {isa = PBXFileReference; lastKnownFileType = text.plist.xml; path = Info.plist; sourceTree = "<group>"; };
/* End PBXFileReference section */

/* Begin PBXFrameworksBuildPhase section */
		EA1766231D90ADC0007EDABC /* Frameworks */ = {
			isa = PBXFrameworksBuildPhase;
			buildActionMask = 2147483647;
			files = (
			);
			runOnlyForDeploymentPostprocessing = 0;
		};
		EA17663F1D90ADC1007EDABC /* Frameworks */ = {
			isa = PBXFrameworksBuildPhase;
			buildActionMask = 2147483647;
			files = (
			);
			runOnlyForDeploymentPostprocessing = 0;
		};
/* End PBXFrameworksBuildPhase section */

/* Begin PBXGroup section */
		5CA005911D91F1CA00FEAE05 /* Models */ = {
			isa = PBXGroup;
			children = (
				5CA0058E1D91F1BC00FEAE05 /* Authorizer.h */,
				5CA0058F1D91F1BC00FEAE05 /* Authorizer.m */,
			);
			path = Models;
			sourceTree = "<group>";
		};
		EA17661D1D90ADC0007EDABC = {
			isa = PBXGroup;
			children = (
				EA1766281D90ADC1007EDABC /* TwitterClient */,
				EA1766451D90ADC1007EDABC /* TwitterClientTests */,
				EA1766271D90ADC0007EDABC /* Products */,
			);
			sourceTree = "<group>";
		};
		EA1766271D90ADC0007EDABC /* Products */ = {
			isa = PBXGroup;
			children = (
				EA1766261D90ADC0007EDABC /* TwitterClient.app */,
				EA1766421D90ADC1007EDABC /* TwitterClientTests.xctest */,
			);
			name = Products;
			sourceTree = "<group>";
		};
		EA1766281D90ADC1007EDABC /* TwitterClient */ = {
			isa = PBXGroup;
			children = (
				EA17662C1D90ADC1007EDABC /* AppDelegate.h */,
				EA17662D1D90ADC1007EDABC /* AppDelegate.m */,
				EA17662F1D90ADC1007EDABC /* ViewController.h */,
				EA1766301D90ADC1007EDABC /* ViewController.m */,
				EA1766321D90ADC1007EDABC /* Main.storyboard */,
				EA1766381D90ADC1007EDABC /* Assets.xcassets */,
				EA17663A1D90ADC1007EDABC /* LaunchScreen.storyboard */,
				EA17663D1D90ADC1007EDABC /* Info.plist */,
				EA1766351D90ADC1007EDABC /* TwitterClient.xcdatamodeld */,
				EA1766291D90ADC1007EDABC /* Supporting Files */,
				5CA005911D91F1CA00FEAE05 /* Models */,
			);
			path = TwitterClient;
			sourceTree = "<group>";
		};
		EA1766291D90ADC1007EDABC /* Supporting Files */ = {
			isa = PBXGroup;
			children = (
				EA17662A1D90ADC1007EDABC /* main.m */,
			);
			name = "Supporting Files";
			sourceTree = "<group>";
		};
		EA1766451D90ADC1007EDABC /* TwitterClientTests */ = {
			isa = PBXGroup;
			children = (
				EA1766461D90ADC1007EDABC /* TwitterClientTests.m */,
				EA1766481D90ADC1007EDABC /* Info.plist */,
			);
			path = TwitterClientTests;
			sourceTree = "<group>";
		};
/* End PBXGroup section */

/* Begin PBXNativeTarget section */
		EA1766251D90ADC0007EDABC /* TwitterClient */ = {
			isa = PBXNativeTarget;
			buildConfigurationList = EA17664B1D90ADC1007EDABC /* Build configuration list for PBXNativeTarget "TwitterClient" */;
			buildPhases = (
				EA1766221D90ADC0007EDABC /* Sources */,
				EA1766231D90ADC0007EDABC /* Frameworks */,
				EA1766241D90ADC0007EDABC /* Resources */,
			);
			buildRules = (
			);
			dependencies = (
			);
			name = TwitterClient;
			productName = TwitterClient;
			productReference = EA1766261D90ADC0007EDABC /* TwitterClient.app */;
			productType = "com.apple.product-type.application";
		};
		EA1766411D90ADC1007EDABC /* TwitterClientTests */ = {
			isa = PBXNativeTarget;
			buildConfigurationList = EA17664E1D90ADC1007EDABC /* Build configuration list for PBXNativeTarget "TwitterClientTests" */;
			buildPhases = (
				EA17663E1D90ADC1007EDABC /* Sources */,
				EA17663F1D90ADC1007EDABC /* Frameworks */,
				EA1766401D90ADC1007EDABC /* Resources */,
			);
			buildRules = (
			);
			dependencies = (
				EA1766441D90ADC1007EDABC /* PBXTargetDependency */,
			);
			name = TwitterClientTests;
			productName = TwitterClientTests;
			productReference = EA1766421D90ADC1007EDABC /* TwitterClientTests.xctest */;
			productType = "com.apple.product-type.bundle.unit-test";
		};
/* End PBXNativeTarget section */

/* Begin PBXProject section */
		EA17661E1D90ADC0007EDABC /* Project object */ = {
			isa = PBXProject;
			attributes = {
				LastUpgradeCheck = 0800;
				ORGANIZATIONNAME = "Tomás Garrido Sandino";
				TargetAttributes = {
					EA1766251D90ADC0007EDABC = {
						CreatedOnToolsVersion = 8.0;
						DevelopmentTeam = DLWB6ZX2PL;
						ProvisioningStyle = Automatic;
					};
					EA1766411D90ADC1007EDABC = {
						CreatedOnToolsVersion = 8.0;
						DevelopmentTeam = DLWB6ZX2PL;
						ProvisioningStyle = Automatic;
						TestTargetID = EA1766251D90ADC0007EDABC;
					};
				};
			};
			buildConfigurationList = EA1766211D90ADC0007EDABC /* Build configuration list for PBXProject "TwitterClient" */;
			compatibilityVersion = "Xcode 6.3";
			developmentRegion = English;
			hasScannedForEncodings = 0;
			knownRegions = (
				en,
				Base,
			);
			mainGroup = EA17661D1D90ADC0007EDABC;
			productRefGroup = EA1766271D90ADC0007EDABC /* Products */;
			projectDirPath = "";
			projectRoot = "";
			targets = (
				EA1766251D90ADC0007EDABC /* TwitterClient */,
				EA1766411D90ADC1007EDABC /* TwitterClientTests */,
			);
		};
/* End PBXProject section */

/* Begin PBXResourcesBuildPhase section */
		EA1766241D90ADC0007EDABC /* Resources */ = {
			isa = PBXResourcesBuildPhase;
			buildActionMask = 2147483647;
			files = (
				EA17663C1D90ADC1007EDABC /* LaunchScreen.storyboard in Resources */,
				EA1766391D90ADC1007EDABC /* Assets.xcassets in Resources */,
				EA1766341D90ADC1007EDABC /* Main.storyboard in Resources */,
			);
			runOnlyForDeploymentPostprocessing = 0;
		};
		EA1766401D90ADC1007EDABC /* Resources */ = {
			isa = PBXResourcesBuildPhase;
			buildActionMask = 2147483647;
			files = (
			);
			runOnlyForDeploymentPostprocessing = 0;
		};
/* End PBXResourcesBuildPhase section */

/* Begin PBXSourcesBuildPhase section */
		EA1766221D90ADC0007EDABC /* Sources */ = {
			isa = PBXSourcesBuildPhase;
			buildActionMask = 2147483647;
			files = (
				5CA005901D91F1BC00FEAE05 /* Authorizer.m in Sources */,
				EA1766371D90ADC1007EDABC /* TwitterClient.xcdatamodeld in Sources */,
				EA1766311D90ADC1007EDABC /* ViewController.m in Sources */,
				EA17662E1D90ADC1007EDABC /* AppDelegate.m in Sources */,
				EA17662B1D90ADC1007EDABC /* main.m in Sources */,
			);
			runOnlyForDeploymentPostprocessing = 0;
		};
		EA17663E1D90ADC1007EDABC /* Sources */ = {
			isa = PBXSourcesBuildPhase;
			buildActionMask = 2147483647;
			files = (
				EA1766471D90ADC1007EDABC /* TwitterClientTests.m in Sources */,
			);
			runOnlyForDeploymentPostprocessing = 0;
		};
/* End PBXSourcesBuildPhase section */

/* Begin PBXTargetDependency section */
		EA1766441D90ADC1007EDABC /* PBXTargetDependency */ = {
			isa = PBXTargetDependency;
			target = EA1766251D90ADC0007EDABC /* TwitterClient */;
			targetProxy = EA1766431D90ADC1007EDABC /* PBXContainerItemProxy */;
		};
/* End PBXTargetDependency section */

/* Begin PBXVariantGroup section */
		EA1766321D90ADC1007EDABC /* Main.storyboard */ = {
			isa = PBXVariantGroup;
			children = (
				EA1766331D90ADC1007EDABC /* Base */,
			);
			name = Main.storyboard;
			sourceTree = "<group>";
		};
		EA17663A1D90ADC1007EDABC /* LaunchScreen.storyboard */ = {
			isa = PBXVariantGroup;
			children = (
				EA17663B1D90ADC1007EDABC /* Base */,
			);
			name = LaunchScreen.storyboard;
			sourceTree = "<group>";
		};
/* End PBXVariantGroup section */

/* Begin XCBuildConfiguration section */
		EA1766491D90ADC1007EDABC /* Debug */ = {
			isa = XCBuildConfiguration;
			buildSettings = {
				ALWAYS_SEARCH_USER_PATHS = NO;
				CLANG_ANALYZER_NONNULL = YES;
				CLANG_CXX_LANGUAGE_STANDARD = "gnu++0x";
				CLANG_CXX_LIBRARY = "libc++";
				CLANG_ENABLE_MODULES = YES;
				CLANG_ENABLE_OBJC_ARC = YES;
				CLANG_WARN_BOOL_CONVERSION = YES;
				CLANG_WARN_CONSTANT_CONVERSION = YES;
				CLANG_WARN_DIRECT_OBJC_ISA_USAGE = YES_ERROR;
				CLANG_WARN_DOCUMENTATION_COMMENTS = YES;
				CLANG_WARN_EMPTY_BODY = YES;
				CLANG_WARN_ENUM_CONVERSION = YES;
				CLANG_WARN_INFINITE_RECURSION = YES;
				CLANG_WARN_INT_CONVERSION = YES;
				CLANG_WARN_OBJC_ROOT_CLASS = YES_ERROR;
				CLANG_WARN_SUSPICIOUS_MOVE = YES;
				CLANG_WARN_SUSPICIOUS_MOVES = YES;
				CLANG_WARN_UNREACHABLE_CODE = YES;
				CLANG_WARN__DUPLICATE_METHOD_MATCH = YES;
				"CODE_SIGN_IDENTITY[sdk=iphoneos*]" = "iPhone Developer";
				COPY_PHASE_STRIP = NO;
				DEBUG_INFORMATION_FORMAT = dwarf;
				ENABLE_STRICT_OBJC_MSGSEND = YES;
				ENABLE_TESTABILITY = YES;
				GCC_C_LANGUAGE_STANDARD = gnu99;
				GCC_DYNAMIC_NO_PIC = NO;
				GCC_NO_COMMON_BLOCKS = YES;
				GCC_OPTIMIZATION_LEVEL = 0;
				GCC_PREPROCESSOR_DEFINITIONS = (
					"DEBUG=1",
					"$(inherited)",
				);
				GCC_WARN_64_TO_32_BIT_CONVERSION = YES;
				GCC_WARN_ABOUT_RETURN_TYPE = YES_ERROR;
				GCC_WARN_UNDECLARED_SELECTOR = YES;
				GCC_WARN_UNINITIALIZED_AUTOS = YES_AGGRESSIVE;
				GCC_WARN_UNUSED_FUNCTION = YES;
				GCC_WARN_UNUSED_VARIABLE = YES;
				IPHONEOS_DEPLOYMENT_TARGET = 10.0;
				MTL_ENABLE_DEBUG_INFO = YES;
				ONLY_ACTIVE_ARCH = YES;
				SDKROOT = iphoneos;
			};
			name = Debug;
		};
		EA17664A1D90ADC1007EDABC /* Release */ = {
			isa = XCBuildConfiguration;
			buildSettings = {
				ALWAYS_SEARCH_USER_PATHS = NO;
				CLANG_ANALYZER_NONNULL = YES;
				CLANG_CXX_LANGUAGE_STANDARD = "gnu++0x";
				CLANG_CXX_LIBRARY = "libc++";
				CLANG_ENABLE_MODULES = YES;
				CLANG_ENABLE_OBJC_ARC = YES;
				CLANG_WARN_BOOL_CONVERSION = YES;
				CLANG_WARN_CONSTANT_CONVERSION = YES;
				CLANG_WARN_DIRECT_OBJC_ISA_USAGE = YES_ERROR;
				CLANG_WARN_DOCUMENTATION_COMMENTS = YES;
				CLANG_WARN_EMPTY_BODY = YES;
				CLANG_WARN_ENUM_CONVERSION = YES;
				CLANG_WARN_INFINITE_RECURSION = YES;
				CLANG_WARN_INT_CONVERSION = YES;
				CLANG_WARN_OBJC_ROOT_CLASS = YES_ERROR;
				CLANG_WARN_SUSPICIOUS_MOVE = YES;
				CLANG_WARN_SUSPICIOUS_MOVES = YES;
				CLANG_WARN_UNREACHABLE_CODE = YES;
				CLANG_WARN__DUPLICATE_METHOD_MATCH = YES;
				"CODE_SIGN_IDENTITY[sdk=iphoneos*]" = "iPhone Developer";
				COPY_PHASE_STRIP = NO;
				DEBUG_INFORMATION_FORMAT = "dwarf-with-dsym";
				ENABLE_NS_ASSERTIONS = NO;
				ENABLE_STRICT_OBJC_MSGSEND = YES;
				GCC_C_LANGUAGE_STANDARD = gnu99;
				GCC_NO_COMMON_BLOCKS = YES;
				GCC_WARN_64_TO_32_BIT_CONVERSION = YES;
				GCC_WARN_ABOUT_RETURN_TYPE = YES_ERROR;
				GCC_WARN_UNDECLARED_SELECTOR = YES;
				GCC_WARN_UNINITIALIZED_AUTOS = YES_AGGRESSIVE;
				GCC_WARN_UNUSED_FUNCTION = YES;
				GCC_WARN_UNUSED_VARIABLE = YES;
				IPHONEOS_DEPLOYMENT_TARGET = 10.0;
				MTL_ENABLE_DEBUG_INFO = NO;
				SDKROOT = iphoneos;
				VALIDATE_PRODUCT = YES;
			};
			name = Release;
		};
		EA17664C1D90ADC1007EDABC /* Debug */ = {
			isa = XCBuildConfiguration;
			buildSettings = {
				ASSETCATALOG_COMPILER_APPICON_NAME = AppIcon;
				DEVELOPMENT_TEAM = DLWB6ZX2PL;
				INFOPLIST_FILE = TwitterClient/Info.plist;
				IPHONEOS_DEPLOYMENT_TARGET = 9.3;
				LD_RUNPATH_SEARCH_PATHS = "$(inherited) @executable_path/Frameworks";
				PRODUCT_BUNDLE_IDENTIFIER = com.tgarridos.TwitterClient;
				PRODUCT_NAME = "$(TARGET_NAME)";
			};
			name = Debug;
		};
		EA17664D1D90ADC1007EDABC /* Release */ = {
			isa = XCBuildConfiguration;
			buildSettings = {
				ASSETCATALOG_COMPILER_APPICON_NAME = AppIcon;
				DEVELOPMENT_TEAM = DLWB6ZX2PL;
				INFOPLIST_FILE = TwitterClient/Info.plist;
				IPHONEOS_DEPLOYMENT_TARGET = 9.3;
				LD_RUNPATH_SEARCH_PATHS = "$(inherited) @executable_path/Frameworks";
				PRODUCT_BUNDLE_IDENTIFIER = com.tgarridos.TwitterClient;
				PRODUCT_NAME = "$(TARGET_NAME)";
			};
			name = Release;
		};
		EA17664F1D90ADC1007EDABC /* Debug */ = {
			isa = XCBuildConfiguration;
			buildSettings = {
				BUNDLE_LOADER = "$(TEST_HOST)";
				DEVELOPMENT_TEAM = DLWB6ZX2PL;
				INFOPLIST_FILE = TwitterClientTests/Info.plist;
				IPHONEOS_DEPLOYMENT_TARGET = 9.3;
				LD_RUNPATH_SEARCH_PATHS = "$(inherited) @executable_path/Frameworks @loader_path/Frameworks";
				PRODUCT_BUNDLE_IDENTIFIER = com.tgarridos.TwitterClientTests;
				PRODUCT_NAME = "$(TARGET_NAME)";
				TEST_HOST = "$(BUILT_PRODUCTS_DIR)/TwitterClient.app/TwitterClient";
			};
			name = Debug;
		};
		EA1766501D90ADC1007EDABC /* Release */ = {
			isa = XCBuildConfiguration;
			buildSettings = {
				BUNDLE_LOADER = "$(TEST_HOST)";
				DEVELOPMENT_TEAM = DLWB6ZX2PL;
				INFOPLIST_FILE = TwitterClientTests/Info.plist;
				IPHONEOS_DEPLOYMENT_TARGET = 9.3;
				LD_RUNPATH_SEARCH_PATHS = "$(inherited) @executable_path/Frameworks @loader_path/Frameworks";
				PRODUCT_BUNDLE_IDENTIFIER = com.tgarridos.TwitterClientTests;
				PRODUCT_NAME = "$(TARGET_NAME)";
				TEST_HOST = "$(BUILT_PRODUCTS_DIR)/TwitterClient.app/TwitterClient";
			};
			name = Release;
		};
/* End XCBuildConfiguration section */

/* Begin XCConfigurationList section */
		EA1766211D90ADC0007EDABC /* Build configuration list for PBXProject "TwitterClient" */ = {
			isa = XCConfigurationList;
			buildConfigurations = (
				EA1766491D90ADC1007EDABC /* Debug */,
				EA17664A1D90ADC1007EDABC /* Release */,
			);
			defaultConfigurationIsVisible = 0;
			defaultConfigurationName = Release;
		};
		EA17664B1D90ADC1007EDABC /* Build configuration list for PBXNativeTarget "TwitterClient" */ = {
			isa = XCConfigurationList;
			buildConfigurations = (
				EA17664C1D90ADC1007EDABC /* Debug */,
				EA17664D1D90ADC1007EDABC /* Release */,
			);
			defaultConfigurationIsVisible = 0;
			defaultConfigurationName = Release;
		};
		EA17664E1D90ADC1007EDABC /* Build configuration list for PBXNativeTarget "TwitterClientTests" */ = {
			isa = XCConfigurationList;
			buildConfigurations = (
				EA17664F1D90ADC1007EDABC /* Debug */,
				EA1766501D90ADC1007EDABC /* Release */,
			);
			defaultConfigurationIsVisible = 0;
			defaultConfigurationName = Release;
		};
/* End XCConfigurationList section */

/* Begin XCVersionGroup section */
		EA1766351D90ADC1007EDABC /* TwitterClient.xcdatamodeld */ = {
			isa = XCVersionGroup;
			children = (
				EA1766361D90ADC1007EDABC /* TwitterClient.xcdatamodel */,
			);
			currentVersion = EA1766361D90ADC1007EDABC /* TwitterClient.xcdatamodel */;
			path = TwitterClient.xcdatamodeld;
			sourceTree = "<group>";
			versionGroupType = wrapper.xcdatamodel;
		};
/* End XCVersionGroup section */
	};
	rootObject = EA17661E1D90ADC0007EDABC /* Project object */;
}
